{
  "name": "weapp-scroll",
  "version": "1.0.0",
  "lockfileVersion": 2,
  "requires": true,
  "packages": {
    "": {
      "name": "weapp-scroll",
      "version": "1.0.0",
      "license": "MIT",
      "devDependencies": {
        "miniprogram-api-typings": "^3.5.0"
      }
    },
    "node_modules/miniprogram-api-typings": {
      "version": "3.5.0",
      "resolved": "https://registry.npmjs.org/miniprogram-api-typings/-/miniprogram-api-typings-3.5.0.tgz",
      "integrity": "sha512-cS/uXJTMGKujwoaeEFFFKqpCf7qp3R7iuQZWagZAwhKA3Z7U/xlhOcI3i1wqN+uo4YODg3AG1j2zCe1PDa9Wtg==",
      "dev": true
    }
  },
  "dependencies": {
    "miniprogram-api-typings": {
      "version": "3.5.0",
      "resolved": "https://registry.npmjs.org/miniprogram-api-typings/-/miniprogram-api-typings-3.5.0.tgz",
      "integrity": "sha512-cS/uXJTMGKujwoaeEFFFKqpCf7qp3R7iuQZWagZAwhKA3Z7U/xlhOcI3i1wqN+uo4YODg3AG1j2zCe1PDa9Wtg==",
      "dev": true
    }
  }
}
